
Microsoft Visual Studio Solution File, Format Version 12.00
# Visual Studio 15
VisualStudioVersion = 15.0.26403.7
MinimumVisualStudioVersion = 10.0.40219.1
Project("{FAE04EC0-301F-11D3-BF4B-00C04F79EFBC}") = "FibonacciProjectTests", "FibonacciProjectTests\FibonacciProjectTests.csproj", "{C6AD8912-370A-4864-9A61-21937EDF0DC0}"
EndProject
Project("{FAE04EC0-301F-11D3-BF4B-00C04F79EFBC}") = "FibonacciProject", "FibonacciProject\FibonacciProject.csproj", "{C41DEA1F-46D9-4F65-9A2B-0BE308D57124}"
EndProject
Global
	GlobalSection(SolutionConfigurationPlatforms) = preSolution
		Debug|Any CPU = Debug|Any CPU
		Release|Any CPU = Release|Any CPU
	EndGlobalSection
	GlobalSection(ProjectConfigurationPlatforms) = postSolution
		{C6AD8912-370A-4864-9A61-21937EDF0DC0}.Debug|Any CPU.ActiveCfg = Debug|Any CPU
		{C6AD8912-370A-4864-9A61-21937EDF0DC0}.Debug|Any CPU.Build.0 = Debug|Any CPU
		{C6AD8912-370A-4864-9A61-21937EDF0DC0}.Release|Any CPU.ActiveCfg = Release|Any CPU
		{C6AD8912-370A-4864-9A61-21937EDF0DC0}.Release|Any CPU.Build.0 = Release|Any CPU
		{C41DEA1F-46D9-4F65-9A2B-0BE308D57124}.Debug|Any CPU.ActiveCfg = Debug|Any CPU
		{C41DEA1F-46D9-4F65-9A2B-0BE308D57124}.Debug|Any CPU.Build.0 = Debug|Any CPU
		{C41DEA1F-46D9-4F65-9A2B-0BE308D57124}.Release|Any CPU.ActiveCfg = Release|Any CPU
		{C41DEA1F-46D9-4F65-9A2B-0BE308D57124}.Release|Any CPU.Build.0 = Release|Any CPU
	EndGlobalSection
	GlobalSection(SolutionProperties) = preSolution
		HideSolutionNode = FALSE
	EndGlobalSection
EndGlobal
